
Microsoft Visual Studio Solution File, Format Version 11.00
# Visual Studio 2010
Project("{FAE04EC0-301F-11D3-BF4B-00C04F79EFBC}") = "Assembly-CSharp", "Assembly-CSharp.csproj", "{ef41776e-4ccf-89c2-0cad-281ef5ff7f57}"
EndProject
Project("{FAE04EC0-301F-11D3-BF4B-00C04F79EFBC}") = "Assembly-CSharp-Editor", "Assembly-CSharp-Editor.csproj", "{ef6ca0ca-e656-b735-47fa-9edff66c5e80}"
EndProject
Global
	GlobalSection(SolutionConfigurationPlatforms) = preSolution
		Debug|Any CPU = Debug|Any CPU
	EndGlobalSection
	GlobalSection(ProjectConfigurationPlatforms) = postSolution
		{ef41776e-4ccf-89c2-0cad-281ef5ff7f57}.Debug|Any CPU.ActiveCfg = Debug|Any CPU
		{ef41776e-4ccf-89c2-0cad-281ef5ff7f57}.Debug|Any CPU.Build.0 = Debug|Any CPU
		{ef6ca0ca-e656-b735-47fa-9edff66c5e80}.Debug|Any CPU.ActiveCfg = Debug|Any CPU
		{ef6ca0ca-e656-b735-47fa-9edff66c5e80}.Debug|Any CPU.Build.0 = Debug|Any CPU
	EndGlobalSection
	GlobalSection(SolutionProperties) = preSolution
		HideSolutionNode = FALSE
	EndGlobalSection
EndGlobal
